// !$*UTF8*$!
{
	archiveVersion = 1;
	classes = {
	};
	objectVersion = 50;
	objects = {

/* Begin PBXBuildFile section */
		58AE928E23C5F52D00D14242 /* AppDelegate.swift in Sources */ = {isa = PBXBuildFile; fileRef = 58AE928D23C5F52D00D14242 /* AppDelegate.swift */; };
		58AE929023C5F52D00D14242 /* SceneDelegate.swift in Sources */ = {isa = PBXBuildFile; fileRef = 58AE928F23C5F52D00D14242 /* SceneDelegate.swift */; };
		58AE929223C5F52D00D14242 /* ContentView.swift in Sources */ = {isa = PBXBuildFile; fileRef = 58AE929123C5F52D00D14242 /* ContentView.swift */; };
		58AE929423C5F52E00D14242 /* Assets.xcassets in Resources */ = {isa = PBXBuildFile; fileRef = 58AE929323C5F52E00D14242 /* Assets.xcassets */; };
		58AE929723C5F52E00D14242 /* Preview Assets.xcassets in Resources */ = {isa = PBXBuildFile; fileRef = 58AE929623C5F52E00D14242 /* Preview Assets.xcassets */; };
		58AE929A23C5F52E00D14242 /* LaunchScreen.storyboard in Resources */ = {isa = PBXBuildFile; fileRef = 58AE929823C5F52E00D14242 /* LaunchScreen.storyboard */; };
/* End PBXBuildFile section */

/* Begin PBXFileReference section */
		58AE928A23C5F52D00D14242 /* Calculator2020.app */ = {isa = PBXFileReference; explicitFileType = wrapper.application; includeInIndex = 0; path = Calculator2020.app; sourceTree = BUILT_PRODUCTS_DIR; };
		58AE928D23C5F52D00D14242 /* AppDelegate.swift */ = {isa = PBXFileReference; lastKnownFileType = sourcecode.swift; path = AppDelegate.swift; sourceTree = "<group>"; };
		58AE928F23C5F52D00D14242 /* SceneDelegate.swift */ = {isa = PBXFileReference; lastKnownFileType = sourcecode.swift; path = SceneDelegate.swift; sourceTree = "<group>"; };
		58AE929123C5F52D00D14242 /* ContentView.swift */ = {isa = PBXFileReference; lastKnownFileType = sourcecode.swift; path = ContentView.swift; sourceTree = "<group>"; };
		58AE929323C5F52E00D14242 /* Assets.xcassets */ = {isa = PBXFileReference; lastKnownFileType = folder.assetcatalog; path = Assets.xcassets; sourceTree = "<group>"; };
		58AE929623C5F52E00D14242 /* Preview Assets.xcassets */ = {isa = PBXFileReference; lastKnownFileType = folder.assetcatalog; path = "Preview Assets.xcassets"; sourceTree = "<group>"; };
		58AE929923C5F52E00D14242 /* Base */ = {isa = PBXFileReference; lastKnownFileType = file.storyboard; name = Base; path = Base.lproj/LaunchScreen.storyboard; sourceTree = "<group>"; };
		58AE929B23C5F52E00D14242 /* Info.plist */ = {isa = PBXFileReference; lastKnownFileType = text.plist.xml; path = Info.plist; sourceTree = "<group>"; };
/* End PBXFileReference section */

/* Begin PBXFrameworksBuildPhase section */
		58AE928723C5F52D00D14242 /* Frameworks */ = {
			isa = PBXFrameworksBuildPhase;
			buildActionMask = 2147483647;
			files = (
			);
			runOnlyForDeploymentPostprocessing = 0;
		};
/* End PBXFrameworksBuildPhase section */

/* Begin PBXGroup section */
		58AE928123C5F52C00D14242 = {
			isa = PBXGroup;
			children = (
				58AE928C23C5F52D00D14242 /* Calculator2020 */,
				58AE928B23C5F52D00D14242 /* Products */,
			);
			sourceTree = "<group>";
		};
		58AE928B23C5F52D00D14242 /* Products */ = {
			isa = PBXGroup;
			children = (
				58AE928A23C5F52D00D14242 /* Calculator2020.app */,
			);
			name = Products;
			sourceTree = "<group>";
		};
		58AE928C23C5F52D00D14242 /* Calculator2020 */ = {
			isa = PBXGroup;
			children = (
				58AE928D23C5F52D00D14242 /* AppDelegate.swift */,
				58AE928F23C5F52D00D14242 /* SceneDelegate.swift */,
				58AE929123C5F52D00D14242 /* ContentView.swift */,
				58AE929323C5F52E00D14242 /* Assets.xcassets */,
				58AE929823C5F52E00D14242 /* LaunchScreen.storyboard */,
				58AE929B23C5F52E00D14242 /* Info.plist */,
				58AE929523C5F52E00D14242 /* Preview Content */,
			);
			path = Calculator2020;
			sourceTree = "<group>";
		};
		58AE929523C5F52E00D14242 /* Preview Content */ = {
			isa = PBXGroup;
			children = (
				58AE929623C5F52E00D14242 /* Preview Assets.xcassets */,
			);
			path = "Preview Content";
			sourceTree = "<group>";
		};
/* End PBXGroup section */

/* Begin PBXNativeTarget section */
		58AE928923C5F52D00D14242 /* Calculator2020 */ = {
			isa = PBXNativeTarget;
			buildConfigurationList = 58AE929E23C5F52E00D14242 /* Build configuration list for PBXNativeTarget "Calculator2020" */;
			buildPhases = (
				58AE928623C5F52D00D14242 /* Sources */,
				58AE928723C5F52D00D14242 /* Frameworks */,
				58AE928823C5F52D00D14242 /* Resources */,
			);
			buildRules = (
			);
			dependencies = (
			);
			name = Calculator2020;
			productName = Calculator2020;
			productReference = 58AE928A23C5F52D00D14242 /* Calculator2020.app */;
			productType = "com.apple.product-type.application";
		};
/* End PBXNativeTarget section */

/* Begin PBXProject section */
		58AE928223C5F52C00D14242 /* Project object */ = {
			isa = PBXProject;
			attributes = {
				LastSwiftUpdateCheck = 1130;
				LastUpgradeCheck = 1130;
				ORGANIZATIONNAME = Vitaliy;
				TargetAttributes = {
					58AE928923C5F52D00D14242 = {
						CreatedOnToolsVersion = 11.3;
					};
				};
			};
			buildConfigurationList = 58AE928523C5F52C00D14242 /* Build configuration list for PBXProject "Calculator2020" */;
			compatibilityVersion = "Xcode 9.3";
			developmentRegion = en;
			hasScannedForEncodings = 0;
			knownRegions = (
				en,
				Base,
			);
			mainGroup = 58AE928123C5F52C00D14242;
			productRefGroup = 58AE928B23C5F52D00D14242 /* Products */;
			projectDirPath = "";
			projectRoot = "";
			targets = (
				58AE928923C5F52D00D14242 /* Calculator2020 */,
			);
		};
/* End PBXProject section */

/* Begin PBXResourcesBuildPhase section */
		58AE928823C5F52D00D14242 /* Resources */ = {
			isa = PBXResourcesBuildPhase;
			buildActionMask = 2147483647;
			files = (
				58AE929A23C5F52E00D14242 /* LaunchScreen.storyboard in Resources */,
				58AE929723C5F52E00D14242 /* Preview Assets.xcassets in Resources */,
				58AE929423C5F52E00D14242 /* Assets.xcassets in Resources */,
			);
			runOnlyForDeploymentPostprocessing = 0;
		};
/* End PBXResourcesBuildPhase section */

/* Begin PBXSourcesBuildPhase section */
		58AE928623C5F52D00D14242 /* Sources */ = {
			isa = PBXSourcesBuildPhase;
			buildActionMask = 2147483647;
			files = (
				58AE928E23C5F52D00D14242 /* AppDelegate.swift in Sources */,
				58AE929023C5F52D00D14242 /* SceneDelegate.swift in Sources */,
				58AE929223C5F52D00D14242 /* ContentView.swift in Sources */,
			);
			runOnlyForDeploymentPostprocessing = 0;
		};
/* End PBXSourcesBuildPhase section */

/* Begin PBXVariantGroup section */
		58AE929823C5F52E00D14242 /* LaunchScreen.storyboard */ = {
			isa = PBXVariantGroup;
			children = (
				58AE929923C5F52E00D14242 /* Base */,
			);
			name = LaunchScreen.storyboard;
			sourceTree = "<group>";
		};
/* End PBXVariantGroup section */

/* Begin XCBuildConfiguration section */
		58AE929C23C5F52E00D14242 /* Debug */ = {
			isa = XCBuildConfiguration;
			buildSettings = {
				ALWAYS_SEARCH_USER_PATHS = NO;
				CLANG_ANALYZER_NONNULL = YES;
				CLANG_ANALYZER_NUMBER_OBJECT_CONVERSION = YES_AGGRESSIVE;
				CLANG_CXX_LANGUAGE_STANDARD = "gnu++14";
				CLANG_CXX_LIBRARY = "libc++";
				CLANG_ENABLE_MODULES = YES;
				CLANG_ENABLE_OBJC_ARC = YES;
				CLANG_ENABLE_OBJC_WEAK = YES;
				CLANG_WARN_BLOCK_CAPTURE_AUTORELEASING = YES;
				CLANG_WARN_BOOL_CONVERSION = YES;
				CLANG_WARN_COMMA = YES;
				CLANG_WARN_CONSTANT_CONVERSION = YES;
				CLANG_WARN_DEPRECATED_OBJC_IMPLEMENTATIONS = YES;
				CLANG_WARN_DIRECT_OBJC_ISA_USAGE = YES_ERROR;
				CLANG_WARN_DOCUMENTATION_COMMENTS = YES;
				CLANG_WARN_EMPTY_BODY = YES;
				CLANG_WARN_ENUM_CONVERSION = YES;
				CLANG_WARN_INFINITE_RECURSION = YES;
				CLANG_WARN_INT_CONVERSION = YES;
				CLANG_WARN_NON_LITERAL_NULL_CONVERSION = YES;
				CLANG_WARN_OBJC_IMPLICIT_RETAIN_SELF = YES;
				CLANG_WARN_OBJC_LITERAL_CONVERSION = YES;
				CLANG_WARN_OBJC_ROOT_CLASS = YES_ERROR;
				CLANG_WARN_RANGE_LOOP_ANALYSIS = YES;
				CLANG_WARN_STRICT_PROTOTYPES = YES;
				CLANG_WARN_SUSPICIOUS_MOVE = YES;
				CLANG_WARN_UNGUARDED_AVAILABILITY = YES_AGGRESSIVE;
				CLANG_WARN_UNREACHABLE_CODE = YES;
				CLANG_WARN__DUPLICATE_METHOD_MATCH = YES;
				COPY_PHASE_STRIP = NO;
				DEBUG_INFORMATION_FORMAT = dwarf;
				ENABLE_STRICT_OBJC_MSGSEND = YES;
				ENABLE_TESTABILITY = YES;
				GCC_C_LANGUAGE_STANDARD = gnu11;
				GCC_DYNAMIC_NO_PIC = NO;
				GCC_NO_COMMON_BLOCKS = YES;
				GCC_OPTIMIZATION_LEVEL = 0;
				GCC_PREPROCESSOR_DEFINITIONS = (
					"DEBUG=1",
					"$(inherited)",
				);
				GCC_WARN_64_TO_32_BIT_CONVERSION = YES;
				GCC_WARN_ABOUT_RETURN_TYPE = YES_ERROR;
				GCC_WARN_UNDECLARED_SELECTOR = YES;
				GCC_WARN_UNINITIALIZED_AUTOS = YES_AGGRESSIVE;
				GCC_WARN_UNUSED_FUNCTION = YES;
				GCC_WARN_UNUSED_VARIABLE = YES;
				IPHONEOS_DEPLOYMENT_TARGET = 13.2;
				MTL_ENABLE_DEBUG_INFO = INCLUDE_SOURCE;
				MTL_FAST_MATH = YES;
				ONLY_ACTIVE_ARCH = YES;
				SDKROOT = iphoneos;
				SWIFT_ACTIVE_COMPILATION_CONDITIONS = DEBUG;
				SWIFT_OPTIMIZATION_LEVEL = "-Onone";
			};
			name = Debug;
		};
		58AE929D23C5F52E00D14242 /* Release */ = {
			isa = XCBuildConfiguration;
			buildSettings = {
				ALWAYS_SEARCH_USER_PATHS = NO;
				CLANG_ANALYZER_NONNULL = YES;
				CLANG_ANALYZER_NUMBER_OBJECT_CONVERSION = YES_AGGRESSIVE;
				CLANG_CXX_LANGUAGE_STANDARD = "gnu++14";
				CLANG_CXX_LIBRARY = "libc++";
				CLANG_ENABLE_MODULES = YES;
				CLANG_ENABLE_OBJC_ARC = YES;
				CLANG_ENABLE_OBJC_WEAK = YES;
				CLANG_WARN_BLOCK_CAPTURE_AUTORELEASING = YES;
				CLANG_WARN_BOOL_CONVERSION = YES;
				CLANG_WARN_COMMA = YES;
				CLANG_WARN_CONSTANT_CONVERSION = YES;
				CLANG_WARN_DEPRECATED_OBJC_IMPLEMENTATIONS = YES;
				CLANG_WARN_DIRECT_OBJC_ISA_USAGE = YES_ERROR;
				CLANG_WARN_DOCUMENTATION_COMMENTS = YES;
				CLANG_WARN_EMPTY_BODY = YES;
				CLANG_WARN_ENUM_CONVERSION = YES;
				CLANG_WARN_INFINITE_RECURSION = YES;
				CLANG_WARN_INT_CONVERSION = YES;
				CLANG_WARN_NON_LITERAL_NULL_CONVERSION = YES;
				CLANG_WARN_OBJC_IMPLICIT_RETAIN_SELF = YES;
				CLANG_WARN_OBJC_LITERAL_CONVERSION = YES;
				CLANG_WARN_OBJC_ROOT_CLASS = YES_ERROR;
				CLANG_WARN_RANGE_LOOP_ANALYSIS = YES;
				CLANG_WARN_STRICT_PROTOTYPES = YES;
				CLANG_WARN_SUSPICIOUS_MOVE = YES;
				CLANG_WARN_UNGUARDED_AVAILABILITY = YES_AGGRESSIVE;
				CLANG_WARN_UNREACHABLE_CODE = YES;
				CLANG_WARN__DUPLICATE_METHOD_MATCH = YES;
				COPY_PHASE_STRIP = NO;
				DEBUG_INFORMATION_FORMAT = "dwarf-with-dsym";
				ENABLE_NS_ASSERTIONS = NO;
				ENABLE_STRICT_OBJC_MSGSEND = YES;
				GCC_C_LANGUAGE_STANDARD = gnu11;
				GCC_NO_COMMON_BLOCKS = YES;
				GCC_WARN_64_TO_32_BIT_CONVERSION = YES;
				GCC_WARN_ABOUT_RETURN_TYPE = YES_ERROR;
				GCC_WARN_UNDECLARED_SELECTOR = YES;
				GCC_WARN_UNINITIALIZED_AUTOS = YES_AGGRESSIVE;
				GCC_WARN_UNUSED_FUNCTION = YES;
				GCC_WARN_UNUSED_VARIABLE = YES;
				IPHONEOS_DEPLOYMENT_TARGET = 13.2;
				MTL_ENABLE_DEBUG_INFO = NO;
				MTL_FAST_MATH = YES;
				SDKROOT = iphoneos;
				SWIFT_COMPILATION_MODE = wholemodule;
				SWIFT_OPTIMIZATION_LEVEL = "-O";
				VALIDATE_PRODUCT = YES;
			};
			name = Release;
		};
		58AE929F23C5F52E00D14242 /* Debug */ = {
			isa = XCBuildConfiguration;
			buildSettings = {
				ASSETCATALOG_COMPILER_APPICON_NAME = AppIcon;
				CODE_SIGN_STYLE = Automatic;
				DEVELOPMENT_ASSET_PATHS = "\"Calculator2020/Preview Content\"";
				DEVELOPMENT_TEAM = 45JNFF5WM9;
				ENABLE_PREVIEWS = YES;
				INFOPLIST_FILE = Calculator2020/Info.plist;
				LD_RUNPATH_SEARCH_PATHS = (
					"$(inherited)",
					"@executable_path/Frameworks",
				);
				PRODUCT_BUNDLE_IDENTIFIER = vit.Calculator2020;
				PRODUCT_NAME = "$(TARGET_NAME)";
				SWIFT_VERSION = 5.0;
				TARGETED_DEVICE_FAMILY = "1,2";
			};
			name = Debug;
		};
		58AE92A023C5F52E00D14242 /* Release */ = {
			isa = XCBuildConfiguration;
			buildSettings = {
				ASSETCATALOG_COMPILER_APPICON_NAME = AppIcon;
				CODE_SIGN_STYLE = Automatic;
				DEVELOPMENT_ASSET_PATHS = "\"Calculator2020/Preview Content\"";
				DEVELOPMENT_TEAM = 45JNFF5WM9;
				ENABLE_PREVIEWS = YES;
				INFOPLIST_FILE = Calculator2020/Info.plist;
				LD_RUNPATH_SEARCH_PATHS = (
					"$(inherited)",
					"@executable_path/Frameworks",
				);
				PRODUCT_BUNDLE_IDENTIFIER = vit.Calculator2020;
				PRODUCT_NAME = "$(TARGET_NAME)";
				SWIFT_VERSION = 5.0;
				TARGETED_DEVICE_FAMILY = "1,2";
			};
			name = Release;
		};
/* End XCBuildConfiguration section */

/* Begin XCConfigurationList section */
		58AE928523C5F52C00D14242 /* Build configuration list for PBXProject "Calculator2020" */ = {
			isa = XCConfigurationList;
			buildConfigurations = (
				58AE929C23C5F52E00D14242 /* Debug */,
				58AE929D23C5F52E00D14242 /* Release */,
			);
			defaultConfigurationIsVisible = 0;
			defaultConfigurationName = Release;
		};
		58AE929E23C5F52E00D14242 /* Build configuration list for PBXNativeTarget "Calculator2020" */ = {
			isa = XCConfigurationList;
			buildConfigurations = (
				58AE929F23C5F52E00D14242 /* Debug */,
				58AE92A023C5F52E00D14242 /* Release */,
			);
			defaultConfigurationIsVisible = 0;
			defaultConfigurationName = Release;
		};
/* End XCConfigurationList section */
	};
	rootObject = 58AE928223C5F52C00D14242 /* Project object */;
}
