// !$*UTF8*$!
{
	archiveVersion = 1;
	classes = {
	};
	objectVersion = 50;
	objects = {

/* Begin PBXBuildFile section */
		581ECEF223DA3E9B0096B7B0 /* 2.jpg in Resources */ = {isa = PBXBuildFile; fileRef = 581ECEF123DA3E9B0096B7B0 /* 2.jpg */; };
		581ECEF623DA40090096B7B0 /* 4.jpg in Resources */ = {isa = PBXBuildFile; fileRef = 581ECEF523DA40090096B7B0 /* 4.jpg */; };
		581ECEF823DA41140096B7B0 /* 1.jpg in Resources */ = {isa = PBXBuildFile; fileRef = 581ECEF723DA41140096B7B0 /* 1.jpg */; };
		583654BC23DB91A4004D5540 /* CalculatorButtonView.swift in Sources */ = {isa = PBXBuildFile; fileRef = 583654BB23DB91A4004D5540 /* CalculatorButtonView.swift */; };
		583654BF23DB92C5004D5540 /* EnvironmentObject.swift in Sources */ = {isa = PBXBuildFile; fileRef = 583654BE23DB92C5004D5540 /* EnvironmentObject.swift */; };
		583654C123DB92FF004D5540 /* SettingsButtonView.swift in Sources */ = {isa = PBXBuildFile; fileRef = 583654C023DB92FF004D5540 /* SettingsButtonView.swift */; };
		583654C323DB934E004D5540 /* SettingsView.swift in Sources */ = {isa = PBXBuildFile; fileRef = 583654C223DB934E004D5540 /* SettingsView.swift */; };
		583654C523DB9397004D5540 /* SettingsSamplesImageView.swift in Sources */ = {isa = PBXBuildFile; fileRef = 583654C423DB9396004D5540 /* SettingsSamplesImageView.swift */; };
		583654C723DB93B8004D5540 /* DisplayView.swift in Sources */ = {isa = PBXBuildFile; fileRef = 583654C623DB93B8004D5540 /* DisplayView.swift */; };
		583654C923DB93FE004D5540 /* BackgroundView.swift in Sources */ = {isa = PBXBuildFile; fileRef = 583654C823DB93FE004D5540 /* BackgroundView.swift */; };
		583654CB23DBBC96004D5540 /* SettingsImageBorderView.swift in Sources */ = {isa = PBXBuildFile; fileRef = 583654CA23DBBC96004D5540 /* SettingsImageBorderView.swift */; };
		5854ED0E23D775AD0016037F /* empty-frame.png in Resources */ = {isa = PBXBuildFile; fileRef = 5854ED0D23D775AD0016037F /* empty-frame.png */; };
		58AE928E23C5F52D00D14242 /* AppDelegate.swift in Sources */ = {isa = PBXBuildFile; fileRef = 58AE928D23C5F52D00D14242 /* AppDelegate.swift */; };
		58AE929023C5F52D00D14242 /* SceneDelegate.swift in Sources */ = {isa = PBXBuildFile; fileRef = 58AE928F23C5F52D00D14242 /* SceneDelegate.swift */; };
		58AE929223C5F52D00D14242 /* MainView.swift in Sources */ = {isa = PBXBuildFile; fileRef = 58AE929123C5F52D00D14242 /* MainView.swift */; };
		58AE929423C5F52E00D14242 /* Assets.xcassets in Resources */ = {isa = PBXBuildFile; fileRef = 58AE929323C5F52E00D14242 /* Assets.xcassets */; };
		58AE929723C5F52E00D14242 /* Preview Assets.xcassets in Resources */ = {isa = PBXBuildFile; fileRef = 58AE929623C5F52E00D14242 /* Preview Assets.xcassets */; };
		58AE929A23C5F52E00D14242 /* LaunchScreen.storyboard in Resources */ = {isa = PBXBuildFile; fileRef = 58AE929823C5F52E00D14242 /* LaunchScreen.storyboard */; };
		58CAE9A923D361B00032D0D1 /* 3.jpg in Resources */ = {isa = PBXBuildFile; fileRef = 58CAE9A823D361B00032D0D1 /* 3.jpg */; };
		58CAE9AB23D36C130032D0D1 /* gear_icon_24.png in Resources */ = {isa = PBXBuildFile; fileRef = 58CAE9AA23D36C130032D0D1 /* gear_icon_24.png */; };
/* End PBXBuildFile section */

/* Begin PBXFileReference section */
		581ECEF123DA3E9B0096B7B0 /* 2.jpg */ = {isa = PBXFileReference; lastKnownFileType = image.jpeg; path = 2.jpg; sourceTree = "<group>"; };
		581ECEF523DA40090096B7B0 /* 4.jpg */ = {isa = PBXFileReference; lastKnownFileType = image.jpeg; path = 4.jpg; sourceTree = "<group>"; };
		581ECEF723DA41140096B7B0 /* 1.jpg */ = {isa = PBXFileReference; lastKnownFileType = image.jpeg; path = 1.jpg; sourceTree = "<group>"; };
		583654BB23DB91A4004D5540 /* CalculatorButtonView.swift */ = {isa = PBXFileReference; lastKnownFileType = sourcecode.swift; path = CalculatorButtonView.swift; sourceTree = "<group>"; };
		583654BE23DB92C5004D5540 /* EnvironmentObject.swift */ = {isa = PBXFileReference; lastKnownFileType = sourcecode.swift; path = EnvironmentObject.swift; sourceTree = "<group>"; };
		583654C023DB92FF004D5540 /* SettingsButtonView.swift */ = {isa = PBXFileReference; lastKnownFileType = sourcecode.swift; path = SettingsButtonView.swift; sourceTree = "<group>"; };
		583654C223DB934E004D5540 /* SettingsView.swift */ = {isa = PBXFileReference; lastKnownFileType = sourcecode.swift; path = SettingsView.swift; sourceTree = "<group>"; };
		583654C423DB9396004D5540 /* SettingsSamplesImageView.swift */ = {isa = PBXFileReference; lastKnownFileType = sourcecode.swift; path = SettingsSamplesImageView.swift; sourceTree = "<group>"; };
		583654C623DB93B8004D5540 /* DisplayView.swift */ = {isa = PBXFileReference; lastKnownFileType = sourcecode.swift; path = DisplayView.swift; sourceTree = "<group>"; };
		583654C823DB93FE004D5540 /* BackgroundView.swift */ = {isa = PBXFileReference; lastKnownFileType = sourcecode.swift; path = BackgroundView.swift; sourceTree = "<group>"; };
		583654CA23DBBC96004D5540 /* SettingsImageBorderView.swift */ = {isa = PBXFileReference; lastKnownFileType = sourcecode.swift; path = SettingsImageBorderView.swift; sourceTree = "<group>"; };
		5854ED0D23D775AD0016037F /* empty-frame.png */ = {isa = PBXFileReference; lastKnownFileType = image.png; path = "empty-frame.png"; sourceTree = "<group>"; };
		58AE928A23C5F52D00D14242 /* Calculator2020.app */ = {isa = PBXFileReference; explicitFileType = wrapper.application; includeInIndex = 0; path = Calculator2020.app; sourceTree = BUILT_PRODUCTS_DIR; };
		58AE928D23C5F52D00D14242 /* AppDelegate.swift */ = {isa = PBXFileReference; lastKnownFileType = sourcecode.swift; path = AppDelegate.swift; sourceTree = "<group>"; };
		58AE928F23C5F52D00D14242 /* SceneDelegate.swift */ = {isa = PBXFileReference; lastKnownFileType = sourcecode.swift; path = SceneDelegate.swift; sourceTree = "<group>"; };
		58AE929123C5F52D00D14242 /* MainView.swift */ = {isa = PBXFileReference; lastKnownFileType = sourcecode.swift; path = MainView.swift; sourceTree = "<group>"; };
		58AE929323C5F52E00D14242 /* Assets.xcassets */ = {isa = PBXFileReference; lastKnownFileType = folder.assetcatalog; path = Assets.xcassets; sourceTree = "<group>"; };
		58AE929623C5F52E00D14242 /* Preview Assets.xcassets */ = {isa = PBXFileReference; lastKnownFileType = folder.assetcatalog; path = "Preview Assets.xcassets"; sourceTree = "<group>"; };
		58AE929923C5F52E00D14242 /* Base */ = {isa = PBXFileReference; lastKnownFileType = file.storyboard; name = Base; path = Base.lproj/LaunchScreen.storyboard; sourceTree = "<group>"; };
		58AE929B23C5F52E00D14242 /* Info.plist */ = {isa = PBXFileReference; lastKnownFileType = text.plist.xml; path = Info.plist; sourceTree = "<group>"; };
		58CAE9A823D361B00032D0D1 /* 3.jpg */ = {isa = PBXFileReference; lastKnownFileType = image.jpeg; path = 3.jpg; sourceTree = "<group>"; };
		58CAE9AA23D36C130032D0D1 /* gear_icon_24.png */ = {isa = PBXFileReference; lastKnownFileType = image.png; path = gear_icon_24.png; sourceTree = "<group>"; };
/* End PBXFileReference section */

/* Begin PBXFrameworksBuildPhase section */
		58AE928723C5F52D00D14242 /* Frameworks */ = {
			isa = PBXFrameworksBuildPhase;
			buildActionMask = 2147483647;
			files = (
			);
			runOnlyForDeploymentPostprocessing = 0;
		};
/* End PBXFrameworksBuildPhase section */

/* Begin PBXGroup section */
		583654B823DB9096004D5540 /* Support files */ = {
			isa = PBXGroup;
			children = (
				58AE928D23C5F52D00D14242 /* AppDelegate.swift */,
				58AE928F23C5F52D00D14242 /* SceneDelegate.swift */,
				58AE929323C5F52E00D14242 /* Assets.xcassets */,
				58AE929B23C5F52E00D14242 /* Info.plist */,
			);
			path = "Support files";
			sourceTree = "<group>";
		};
		583654B923DB90DC004D5540 /* Storyboards */ = {
			isa = PBXGroup;
			children = (
				58AE929823C5F52E00D14242 /* LaunchScreen.storyboard */,
			);
			path = Storyboards;
			sourceTree = "<group>";
		};
		583654BA23DB9184004D5540 /* Views */ = {
			isa = PBXGroup;
			children = (
				58AE929123C5F52D00D14242 /* MainView.swift */,
				583654C623DB93B8004D5540 /* DisplayView.swift */,
				583654C823DB93FE004D5540 /* BackgroundView.swift */,
				583654BB23DB91A4004D5540 /* CalculatorButtonView.swift */,
				583654C023DB92FF004D5540 /* SettingsButtonView.swift */,
				583654C223DB934E004D5540 /* SettingsView.swift */,
				583654C423DB9396004D5540 /* SettingsSamplesImageView.swift */,
				583654CA23DBBC96004D5540 /* SettingsImageBorderView.swift */,
			);
			path = Views;
			sourceTree = "<group>";
		};
		583654BD23DB92AF004D5540 /* Helpers */ = {
			isa = PBXGroup;
			children = (
				583654BE23DB92C5004D5540 /* EnvironmentObject.swift */,
			);
			path = Helpers;
			sourceTree = "<group>";
		};
		58680C2B23D3253D008938EE /* icons */ = {
			isa = PBXGroup;
			children = (
				5854ED0D23D775AD0016037F /* empty-frame.png */,
				58CAE9AA23D36C130032D0D1 /* gear_icon_24.png */,
			);
			path = icons;
			sourceTree = "<group>";
		};
		58AE928123C5F52C00D14242 = {
			isa = PBXGroup;
			children = (
				58AE928C23C5F52D00D14242 /* Calculator2020 */,
				58AE928B23C5F52D00D14242 /* Products */,
			);
			sourceTree = "<group>";
		};
		58AE928B23C5F52D00D14242 /* Products */ = {
			isa = PBXGroup;
			children = (
				58AE928A23C5F52D00D14242 /* Calculator2020.app */,
			);
			name = Products;
			sourceTree = "<group>";
		};
		58AE928C23C5F52D00D14242 /* Calculator2020 */ = {
			isa = PBXGroup;
			children = (
				583654BD23DB92AF004D5540 /* Helpers */,
				583654BA23DB9184004D5540 /* Views */,
				583654B923DB90DC004D5540 /* Storyboards */,
				58CAE9A623D361730032D0D1 /* Images */,
				58AE929523C5F52E00D14242 /* Preview Content */,
				583654B823DB9096004D5540 /* Support files */,
			);
			path = Calculator2020;
			sourceTree = "<group>";
		};
		58AE929523C5F52E00D14242 /* Preview Content */ = {
			isa = PBXGroup;
			children = (
				58AE929623C5F52E00D14242 /* Preview Assets.xcassets */,
			);
			path = "Preview Content";
			sourceTree = "<group>";
		};
		58CAE9A623D361730032D0D1 /* Images */ = {
			isa = PBXGroup;
			children = (
				58CAE9A723D361820032D0D1 /* background */,
				58680C2B23D3253D008938EE /* icons */,
			);
			path = Images;
			sourceTree = "<group>";
		};
		58CAE9A723D361820032D0D1 /* background */ = {
			isa = PBXGroup;
			children = (
				581ECEF723DA41140096B7B0 /* 1.jpg */,
				581ECEF123DA3E9B0096B7B0 /* 2.jpg */,
				58CAE9A823D361B00032D0D1 /* 3.jpg */,
				581ECEF523DA40090096B7B0 /* 4.jpg */,
			);
			path = background;
			sourceTree = "<group>";
		};
/* End PBXGroup section */

/* Begin PBXNativeTarget section */
		58AE928923C5F52D00D14242 /* Calculator2020 */ = {
			isa = PBXNativeTarget;
			buildConfigurationList = 58AE929E23C5F52E00D14242 /* Build configuration list for PBXNativeTarget "Calculator2020" */;
			buildPhases = (
				58AE928623C5F52D00D14242 /* Sources */,
				58AE928723C5F52D00D14242 /* Frameworks */,
				58AE928823C5F52D00D14242 /* Resources */,
			);
			buildRules = (
			);
			dependencies = (
			);
			name = Calculator2020;
			productName = Calculator2020;
			productReference = 58AE928A23C5F52D00D14242 /* Calculator2020.app */;
			productType = "com.apple.product-type.application";
		};
/* End PBXNativeTarget section */

/* Begin PBXProject section */
		58AE928223C5F52C00D14242 /* Project object */ = {
			isa = PBXProject;
			attributes = {
				LastSwiftUpdateCheck = 1130;
				LastUpgradeCheck = 1130;
				ORGANIZATIONNAME = Vitaliy;
				TargetAttributes = {
					58AE928923C5F52D00D14242 = {
						CreatedOnToolsVersion = 11.3;
					};
				};
			};
			buildConfigurationList = 58AE928523C5F52C00D14242 /* Build configuration list for PBXProject "Calculator2020" */;
			compatibilityVersion = "Xcode 9.3";
			developmentRegion = en;
			hasScannedForEncodings = 0;
			knownRegions = (
				en,
				Base,
			);
			mainGroup = 58AE928123C5F52C00D14242;
			productRefGroup = 58AE928B23C5F52D00D14242 /* Products */;
			projectDirPath = "";
			projectRoot = "";
			targets = (
				58AE928923C5F52D00D14242 /* Calculator2020 */,
			);
		};
/* End PBXProject section */

/* Begin PBXResourcesBuildPhase section */
		58AE928823C5F52D00D14242 /* Resources */ = {
			isa = PBXResourcesBuildPhase;
			buildActionMask = 2147483647;
			files = (
				58AE929A23C5F52E00D14242 /* LaunchScreen.storyboard in Resources */,
				581ECEF623DA40090096B7B0 /* 4.jpg in Resources */,
				5854ED0E23D775AD0016037F /* empty-frame.png in Resources */,
				58CAE9AB23D36C130032D0D1 /* gear_icon_24.png in Resources */,
				58AE929723C5F52E00D14242 /* Preview Assets.xcassets in Resources */,
				581ECEF223DA3E9B0096B7B0 /* 2.jpg in Resources */,
				58CAE9A923D361B00032D0D1 /* 3.jpg in Resources */,
				58AE929423C5F52E00D14242 /* Assets.xcassets in Resources */,
				581ECEF823DA41140096B7B0 /* 1.jpg in Resources */,
			);
			runOnlyForDeploymentPostprocessing = 0;
		};
/* End PBXResourcesBuildPhase section */

/* Begin PBXSourcesBuildPhase section */
		58AE928623C5F52D00D14242 /* Sources */ = {
			isa = PBXSourcesBuildPhase;
			buildActionMask = 2147483647;
			files = (
				583654C923DB93FE004D5540 /* BackgroundView.swift in Sources */,
				583654C723DB93B8004D5540 /* DisplayView.swift in Sources */,
				583654C323DB934E004D5540 /* SettingsView.swift in Sources */,
				583654C523DB9397004D5540 /* SettingsSamplesImageView.swift in Sources */,
				58AE928E23C5F52D00D14242 /* AppDelegate.swift in Sources */,
				583654C123DB92FF004D5540 /* SettingsButtonView.swift in Sources */,
				583654CB23DBBC96004D5540 /* SettingsImageBorderView.swift in Sources */,
				58AE929023C5F52D00D14242 /* SceneDelegate.swift in Sources */,
				583654BC23DB91A4004D5540 /* CalculatorButtonView.swift in Sources */,
				583654BF23DB92C5004D5540 /* EnvironmentObject.swift in Sources */,
				58AE929223C5F52D00D14242 /* MainView.swift in Sources */,
			);
			runOnlyForDeploymentPostprocessing = 0;
		};
/* End PBXSourcesBuildPhase section */

/* Begin PBXVariantGroup section */
		58AE929823C5F52E00D14242 /* LaunchScreen.storyboard */ = {
			isa = PBXVariantGroup;
			children = (
				58AE929923C5F52E00D14242 /* Base */,
			);
			name = LaunchScreen.storyboard;
			sourceTree = "<group>";
		};
/* End PBXVariantGroup section */

/* Begin XCBuildConfiguration section */
		58AE929C23C5F52E00D14242 /* Debug */ = {
			isa = XCBuildConfiguration;
			buildSettings = {
				ALWAYS_SEARCH_USER_PATHS = NO;
				CLANG_ANALYZER_NONNULL = YES;
				CLANG_ANALYZER_NUMBER_OBJECT_CONVERSION = YES_AGGRESSIVE;
				CLANG_CXX_LANGUAGE_STANDARD = "gnu++14";
				CLANG_CXX_LIBRARY = "libc++";
				CLANG_ENABLE_MODULES = YES;
				CLANG_ENABLE_OBJC_ARC = YES;
				CLANG_ENABLE_OBJC_WEAK = YES;
				CLANG_WARN_BLOCK_CAPTURE_AUTORELEASING = YES;
				CLANG_WARN_BOOL_CONVERSION = YES;
				CLANG_WARN_COMMA = YES;
				CLANG_WARN_CONSTANT_CONVERSION = YES;
				CLANG_WARN_DEPRECATED_OBJC_IMPLEMENTATIONS = YES;
				CLANG_WARN_DIRECT_OBJC_ISA_USAGE = YES_ERROR;
				CLANG_WARN_DOCUMENTATION_COMMENTS = YES;
				CLANG_WARN_EMPTY_BODY = YES;
				CLANG_WARN_ENUM_CONVERSION = YES;
				CLANG_WARN_INFINITE_RECURSION = YES;
				CLANG_WARN_INT_CONVERSION = YES;
				CLANG_WARN_NON_LITERAL_NULL_CONVERSION = YES;
				CLANG_WARN_OBJC_IMPLICIT_RETAIN_SELF = YES;
				CLANG_WARN_OBJC_LITERAL_CONVERSION = YES;
				CLANG_WARN_OBJC_ROOT_CLASS = YES_ERROR;
				CLANG_WARN_RANGE_LOOP_ANALYSIS = YES;
				CLANG_WARN_STRICT_PROTOTYPES = YES;
				CLANG_WARN_SUSPICIOUS_MOVE = YES;
				CLANG_WARN_UNGUARDED_AVAILABILITY = YES_AGGRESSIVE;
				CLANG_WARN_UNREACHABLE_CODE = YES;
				CLANG_WARN__DUPLICATE_METHOD_MATCH = YES;
				COPY_PHASE_STRIP = NO;
				DEBUG_INFORMATION_FORMAT = dwarf;
				ENABLE_STRICT_OBJC_MSGSEND = YES;
				ENABLE_TESTABILITY = YES;
				GCC_C_LANGUAGE_STANDARD = gnu11;
				GCC_DYNAMIC_NO_PIC = NO;
				GCC_NO_COMMON_BLOCKS = YES;
				GCC_OPTIMIZATION_LEVEL = 0;
				GCC_PREPROCESSOR_DEFINITIONS = (
					"DEBUG=1",
					"$(inherited)",
				);
				GCC_WARN_64_TO_32_BIT_CONVERSION = YES;
				GCC_WARN_ABOUT_RETURN_TYPE = YES_ERROR;
				GCC_WARN_UNDECLARED_SELECTOR = YES;
				GCC_WARN_UNINITIALIZED_AUTOS = YES_AGGRESSIVE;
				GCC_WARN_UNUSED_FUNCTION = YES;
				GCC_WARN_UNUSED_VARIABLE = YES;
				IPHONEOS_DEPLOYMENT_TARGET = 13.2;
				MTL_ENABLE_DEBUG_INFO = INCLUDE_SOURCE;
				MTL_FAST_MATH = YES;
				ONLY_ACTIVE_ARCH = YES;
				SDKROOT = iphoneos;
				SWIFT_ACTIVE_COMPILATION_CONDITIONS = DEBUG;
				SWIFT_OPTIMIZATION_LEVEL = "-Onone";
			};
			name = Debug;
		};
		58AE929D23C5F52E00D14242 /* Release */ = {
			isa = XCBuildConfiguration;
			buildSettings = {
				ALWAYS_SEARCH_USER_PATHS = NO;
				CLANG_ANALYZER_NONNULL = YES;
				CLANG_ANALYZER_NUMBER_OBJECT_CONVERSION = YES_AGGRESSIVE;
				CLANG_CXX_LANGUAGE_STANDARD = "gnu++14";
				CLANG_CXX_LIBRARY = "libc++";
				CLANG_ENABLE_MODULES = YES;
				CLANG_ENABLE_OBJC_ARC = YES;
				CLANG_ENABLE_OBJC_WEAK = YES;
				CLANG_WARN_BLOCK_CAPTURE_AUTORELEASING = YES;
				CLANG_WARN_BOOL_CONVERSION = YES;
				CLANG_WARN_COMMA = YES;
				CLANG_WARN_CONSTANT_CONVERSION = YES;
				CLANG_WARN_DEPRECATED_OBJC_IMPLEMENTATIONS = YES;
				CLANG_WARN_DIRECT_OBJC_ISA_USAGE = YES_ERROR;
				CLANG_WARN_DOCUMENTATION_COMMENTS = YES;
				CLANG_WARN_EMPTY_BODY = YES;
				CLANG_WARN_ENUM_CONVERSION = YES;
				CLANG_WARN_INFINITE_RECURSION = YES;
				CLANG_WARN_INT_CONVERSION = YES;
				CLANG_WARN_NON_LITERAL_NULL_CONVERSION = YES;
				CLANG_WARN_OBJC_IMPLICIT_RETAIN_SELF = YES;
				CLANG_WARN_OBJC_LITERAL_CONVERSION = YES;
				CLANG_WARN_OBJC_ROOT_CLASS = YES_ERROR;
				CLANG_WARN_RANGE_LOOP_ANALYSIS = YES;
				CLANG_WARN_STRICT_PROTOTYPES = YES;
				CLANG_WARN_SUSPICIOUS_MOVE = YES;
				CLANG_WARN_UNGUARDED_AVAILABILITY = YES_AGGRESSIVE;
				CLANG_WARN_UNREACHABLE_CODE = YES;
				CLANG_WARN__DUPLICATE_METHOD_MATCH = YES;
				COPY_PHASE_STRIP = NO;
				DEBUG_INFORMATION_FORMAT = "dwarf-with-dsym";
				ENABLE_NS_ASSERTIONS = NO;
				ENABLE_STRICT_OBJC_MSGSEND = YES;
				GCC_C_LANGUAGE_STANDARD = gnu11;
				GCC_NO_COMMON_BLOCKS = YES;
				GCC_WARN_64_TO_32_BIT_CONVERSION = YES;
				GCC_WARN_ABOUT_RETURN_TYPE = YES_ERROR;
				GCC_WARN_UNDECLARED_SELECTOR = YES;
				GCC_WARN_UNINITIALIZED_AUTOS = YES_AGGRESSIVE;
				GCC_WARN_UNUSED_FUNCTION = YES;
				GCC_WARN_UNUSED_VARIABLE = YES;
				IPHONEOS_DEPLOYMENT_TARGET = 13.2;
				MTL_ENABLE_DEBUG_INFO = NO;
				MTL_FAST_MATH = YES;
				SDKROOT = iphoneos;
				SWIFT_COMPILATION_MODE = wholemodule;
				SWIFT_OPTIMIZATION_LEVEL = "-O";
				VALIDATE_PRODUCT = YES;
			};
			name = Release;
		};
		58AE929F23C5F52E00D14242 /* Debug */ = {
			isa = XCBuildConfiguration;
			buildSettings = {
				ASSETCATALOG_COMPILER_APPICON_NAME = AppIcon;
				CODE_SIGN_STYLE = Automatic;
				DEVELOPMENT_ASSET_PATHS = "\"Calculator2020/Preview Content\"";
				DEVELOPMENT_TEAM = 45JNFF5WM9;
				ENABLE_PREVIEWS = YES;
				INFOPLIST_FILE = "$(SRCROOT)/Calculator2020/Support files/Info.plist";
				LD_RUNPATH_SEARCH_PATHS = (
					"$(inherited)",
					"@executable_path/Frameworks",
				);
				PRODUCT_BUNDLE_IDENTIFIER = vit.Calculator2020;
				PRODUCT_NAME = "$(TARGET_NAME)";
				SWIFT_VERSION = 5.0;
				TARGETED_DEVICE_FAMILY = "1,2";
			};
			name = Debug;
		};
		58AE92A023C5F52E00D14242 /* Release */ = {
			isa = XCBuildConfiguration;
			buildSettings = {
				ASSETCATALOG_COMPILER_APPICON_NAME = AppIcon;
				CODE_SIGN_STYLE = Automatic;
				DEVELOPMENT_ASSET_PATHS = "\"Calculator2020/Preview Content\"";
				DEVELOPMENT_TEAM = 45JNFF5WM9;
				ENABLE_PREVIEWS = YES;
				INFOPLIST_FILE = "$(SRCROOT)/Calculator2020/Support files/Info.plist";
				LD_RUNPATH_SEARCH_PATHS = (
					"$(inherited)",
					"@executable_path/Frameworks",
				);
				PRODUCT_BUNDLE_IDENTIFIER = vit.Calculator2020;
				PRODUCT_NAME = "$(TARGET_NAME)";
				SWIFT_VERSION = 5.0;
				TARGETED_DEVICE_FAMILY = "1,2";
			};
			name = Release;
		};
/* End XCBuildConfiguration section */

/* Begin XCConfigurationList section */
		58AE928523C5F52C00D14242 /* Build configuration list for PBXProject "Calculator2020" */ = {
			isa = XCConfigurationList;
			buildConfigurations = (
				58AE929C23C5F52E00D14242 /* Debug */,
				58AE929D23C5F52E00D14242 /* Release */,
			);
			defaultConfigurationIsVisible = 0;
			defaultConfigurationName = Release;
		};
		58AE929E23C5F52E00D14242 /* Build configuration list for PBXNativeTarget "Calculator2020" */ = {
			isa = XCConfigurationList;
			buildConfigurations = (
				58AE929F23C5F52E00D14242 /* Debug */,
				58AE92A023C5F52E00D14242 /* Release */,
			);
			defaultConfigurationIsVisible = 0;
			defaultConfigurationName = Release;
		};
/* End XCConfigurationList section */
	};
	rootObject = 58AE928223C5F52C00D14242 /* Project object */;
}
